
Microsoft Visual Studio Solution File, Format Version 12.00
# Visual Studio Version 17
VisualStudioVersion = 17.11.35312.102
MinimumVisualStudioVersion = 10.0.40219.1
Project("{FAE04EC0-301F-11D3-BF4B-00C04F79EFBC}") = "OfflineMonkeyType", "OfflineMonkeyType\OfflineMonkeyType.csproj", "{9315C37C-A400-46F7-BBBA-791A275330C7}"
EndProject
Global
	GlobalSection(SolutionConfigurationPlatforms) = preSolution
		Debug|Any CPU = Debug|Any CPU
		Release|Any CPU = Release|Any CPU
	EndGlobalSection
	GlobalSection(ProjectConfigurationPlatforms) = postSolution
		{9315C37C-A400-46F7-BBBA-791A275330C7}.Debug|Any CPU.ActiveCfg = Debug|Any CPU
		{9315C37C-A400-46F7-BBBA-791A275330C7}.Debug|Any CPU.Build.0 = Debug|Any CPU
		{9315C37C-A400-46F7-BBBA-791A275330C7}.Release|Any CPU.ActiveCfg = Release|Any CPU
		{9315C37C-A400-46F7-BBBA-791A275330C7}.Release|Any CPU.Build.0 = Release|Any CPU
	EndGlobalSection
	GlobalSection(SolutionProperties) = preSolution
		HideSolutionNode = FALSE
	EndGlobalSection
	GlobalSection(ExtensibilityGlobals) = postSolution
		SolutionGuid = {D3F6B362-9E9A-4640-832F-85DE40CE9E79}
	EndGlobalSection
EndGlobal
